<?xml version="1.0" encoding="utf-8"?>
<Project ToolsVersion="4.0" xmlns:atg="http://atg.xbox.com" xmlns="http://schemas.microsoft.com/developer/msbuild/2003">
  <ItemGroup>
    <Filter Include="Resource Files">
      <UniqueIdentifier>{8e114980-c1a3-4ada-ad7c-83caadf5daeb}</UniqueIdentifier>
      <Extensions>rc;ico;cur;bmp;dlg;rc2;rct;bin;rgs;gif;jpg;jpeg;jpe</Extensions>
    </Filter>
    <Filter Include="Shaders">
      <UniqueIdentifier>{2c3d4c8c-5d1a-459a-a05a-a4e4b608a44e}</UniqueIdentifier>
      <Extensions>fx;fxh;hlsl</Extensions>
    </Filter>
    <Filter Include="Header Files">
      <UniqueIdentifier>{c036e631-8de5-401a-bf8e-fcf13c807640}</UniqueIdentifier>
    </Filter>
    <Filter Include="Source Files">
      <UniqueIdentifier>{7d0e19ce-3ca1-4b85-b82a-6ace9d6512cc}</UniqueIdentifier>
    </Filter>
    <Filter Include="Textures">
      <UniqueIdentifier>{f07e6eda-6f30-48a2-860b-15608266b9e7}</UniqueIdentifier>
    </Filter>
  </ItemGroup>
  <ItemGroup>
    <ClCompile Include="Tutorial05.cpp" />
    <ClCompile Include="Model.cpp">
      <Filter>Source Files</Filter>
    </ClCompile>
    <ClCompile Include="Entity.cpp">
      <Filter>Source Files</Filter>
    </ClCompile>
    <ClCompile Include="Camera.cpp">
      <Filter>Source Files</Filter>
    </ClCompile>
    <ClCompile Include="Keyboard.cpp">
      <Filter>Source Files</Filter>
    </ClCompile>
    <ClCompile Include="ShaderManager.cpp">
      <Filter>Source Files</Filter>
    </ClCompile>
    <ClCompile Include="Shader.cpp">
      <Filter>Source Files</Filter>
    </ClCompile>
    <ClCompile Include="DDSTextureLoader.cpp">
      <Filter>Source Files</Filter>
    </ClCompile>
    <ClCompile Include="Light.cpp">
      <Filter>Source Files</Filter>
    </ClCompile>
    <ClCompile Include="ConfigManager.cpp">
      <Filter>Source Files</Filter>
    </ClCompile>
  </ItemGroup>
  <ItemGroup>
    <CLInclude Include="resource.h">
      <Filter>Resource Files</Filter>
    </CLInclude>
    <ResourceCompile Include="Tutorial05.rc">
      <Filter>Resource Files</Filter>
    </ResourceCompile>
    <ClInclude Include="Model.h">
      <Filter>Header Files</Filter>
    </ClInclude>
    <ClInclude Include="VertexData.h">
      <Filter>Header Files</Filter>
    </ClInclude>
    <ClInclude Include="Entity.h">
      <Filter>Header Files</Filter>
    </ClInclude>
    <ClInclude Include="Camera.h">
      <Filter>Header Files</Filter>
    </ClInclude>
    <ClInclude Include="Keyboard.h">
      <Filter>Header Files</Filter>
    </ClInclude>
    <ClInclude Include="ShaderManager.h">
      <Filter>Header Files</Filter>
    </ClInclude>
    <ClInclude Include="Shader.h">
      <Filter>Header Files</Filter>
    </ClInclude>
    <ClInclude Include="DDSTextureLoader.h">
      <Filter>Header Files</Filter>
    </ClInclude>
    <ClInclude Include="Light.h">
      <Filter>Header Files</Filter>
    </ClInclude>
    <ClInclude Include="ConfigManager.h">
      <Filter>Header Files</Filter>
    </ClInclude>
  </ItemGroup>
  <ItemGroup>
    <FxCompile Include="Gouraud_PS.hlsl">
      <Filter>Shaders</Filter>
    </FxCompile>
    <FxCompile Include="Gouraud_VS.hlsl">
      <Filter>Shaders</Filter>
    </FxCompile>
    <FxCompile Include="Phong_VS.hlsl">
      <Filter>Shaders</Filter>
    </FxCompile>
    <FxCompile Include="Phong_PS.hlsl">
      <Filter>Shaders</Filter>
    </FxCompile>
    <FxCompile Include="BumpMapping_PS.hlsl">
      <Filter>Shaders</Filter>
    </FxCompile>
    <FxCompile Include="BumpMapping_VS.hlsl">
      <Filter>Shaders</Filter>
    </FxCompile>
    <FxCompile Include="DisplacementMapping_PS.hlsl">
      <Filter>Shaders</Filter>
    </FxCompile>
    <FxCompile Include="DisplacementMapping_VS.hlsl">
      <Filter>Shaders</Filter>
    </FxCompile>
    <FxCompile Include="EnvironmentMapping_PS.hlsl">
      <Filter>Shaders</Filter>
    </FxCompile>
    <FxCompile Include="EnvironmentMapping_VS.hlsl">
      <Filter>Shaders</Filter>
    </FxCompile>
    <FxCompile Include="Glowing_PS.hlsl">
      <Filter>Shaders</Filter>
    </FxCompile>
    <FxCompile Include="Glowing_VS.hlsl">
      <Filter>Shaders</Filter>
    </FxCompile>
    <FxCompile Include="TextureMapping_PS.hlsl">
      <Filter>Shaders</Filter>
    </FxCompile>
    <FxCompile Include="TextureMapping_VS.hlsl">
      <Filter>Shaders</Filter>
    </FxCompile>
    <FxCompile Include="ToonShading_PS.hlsl">
      <Filter>Shaders</Filter>
    </FxCompile>
    <FxCompile Include="ToonShading_VS.hlsl">
      <Filter>Shaders</Filter>
    </FxCompile>
    <FxCompile Include="Transparency_PS.hlsl">
      <Filter>Shaders</Filter>
    </FxCompile>
    <FxCompile Include="Transparency_VS.hlsl">
      <Filter>Shaders</Filter>
    </FxCompile>
  </ItemGroup>
  <ItemGroup>
    <None Include="packages.config" />
  </ItemGroup>
  <ItemGroup>
    <Image Include="Textures\Coin.dds">
      <Filter>Textures</Filter>
    </Image>
    <Image Include="Textures\stones.DDS">
      <Filter>Textures</Filter>
    </Image>
    <Image Include="Textures\stones_NM_height.DDS">
      <Filter>Textures</Filter>
    </Image>
    <Image Include="Textures\Tiles.dds">
      <Filter>Textures</Filter>
    </Image>
    <Image Include="Textures\Wood.dds">
      <Filter>Textures</Filter>
    </Image>
  </ItemGroup>
</Project>